
Microsoft Visual Studio Solution File, Format Version 12.00
# Visual Studio Version 16
VisualStudioVersion = 16.0.33027.164
MinimumVisualStudioVersion = 10.0.40219.1
Project("{FAE04EC0-301F-11D3-BF4B-00C04F79EFBC}") = "Projeto_3Bim_IGC", "Projeto_3Bim_IGC\Projeto_3Bim_IGC.csproj", "{D131EB52-3A91-4469-9BEC-AE7DEACF78BB}"
EndProject
Global
	GlobalSection(SolutionConfigurationPlatforms) = preSolution
		Debug|Any CPU = Debug|Any CPU
		Release|Any CPU = Release|Any CPU
	EndGlobalSection
	GlobalSection(ProjectConfigurationPlatforms) = postSolution
		{D131EB52-3A91-4469-9BEC-AE7DEACF78BB}.Debug|Any CPU.ActiveCfg = Debug|Any CPU
		{D131EB52-3A91-4469-9BEC-AE7DEACF78BB}.Debug|Any CPU.Build.0 = Debug|Any CPU
		{D131EB52-3A91-4469-9BEC-AE7DEACF78BB}.Release|Any CPU.ActiveCfg = Release|Any CPU
		{D131EB52-3A91-4469-9BEC-AE7DEACF78BB}.Release|Any CPU.Build.0 = Release|Any CPU
	EndGlobalSection
	GlobalSection(SolutionProperties) = preSolution
		HideSolutionNode = FALSE
	EndGlobalSection
	GlobalSection(ExtensibilityGlobals) = postSolution
		SolutionGuid = {2974071A-4E22-4EF1-B71A-40E643EBF3B7}
	EndGlobalSection
EndGlobal
